// !$*UTF8*$!
{
	archiveVersion = 1;
	classes = {
	};
	objectVersion = 46;
	objects = {

/* Begin PBXBuildFile section */
		0141C8F91952840F002EAECD /* TextStatsViewController.m in Sources */ = {isa = PBXBuildFile; fileRef = 0141C8F81952840F002EAECD /* TextStatsViewController.m */; };
		01A0A17E194FE95600F1E721 /* Foundation.framework in Frameworks */ = {isa = PBXBuildFile; fileRef = 01A0A17D194FE95600F1E721 /* Foundation.framework */; };
		01A0A180194FE95600F1E721 /* CoreGraphics.framework in Frameworks */ = {isa = PBXBuildFile; fileRef = 01A0A17F194FE95600F1E721 /* CoreGraphics.framework */; };
		01A0A182194FE95600F1E721 /* UIKit.framework in Frameworks */ = {isa = PBXBuildFile; fileRef = 01A0A181194FE95600F1E721 /* UIKit.framework */; };
		01A0A188194FE95600F1E721 /* InfoPlist.strings in Resources */ = {isa = PBXBuildFile; fileRef = 01A0A186194FE95600F1E721 /* InfoPlist.strings */; };
		01A0A18A194FE95600F1E721 /* main.m in Sources */ = {isa = PBXBuildFile; fileRef = 01A0A189194FE95600F1E721 /* main.m */; };
		01A0A18E194FE95600F1E721 /* AttributorAppDelegate.m in Sources */ = {isa = PBXBuildFile; fileRef = 01A0A18D194FE95600F1E721 /* AttributorAppDelegate.m */; };
		01A0A191194FE95600F1E721 /* Main.storyboard in Resources */ = {isa = PBXBuildFile; fileRef = 01A0A18F194FE95600F1E721 /* Main.storyboard */; };
		01A0A194194FE95600F1E721 /* AttributorViewController.m in Sources */ = {isa = PBXBuildFile; fileRef = 01A0A193194FE95600F1E721 /* AttributorViewController.m */; };
		01A0A196194FE95600F1E721 /* Images.xcassets in Resources */ = {isa = PBXBuildFile; fileRef = 01A0A195194FE95600F1E721 /* Images.xcassets */; };
		01A0A19D194FE95600F1E721 /* XCTest.framework in Frameworks */ = {isa = PBXBuildFile; fileRef = 01A0A19C194FE95600F1E721 /* XCTest.framework */; };
		01A0A19E194FE95600F1E721 /* Foundation.framework in Frameworks */ = {isa = PBXBuildFile; fileRef = 01A0A17D194FE95600F1E721 /* Foundation.framework */; };
		01A0A19F194FE95600F1E721 /* UIKit.framework in Frameworks */ = {isa = PBXBuildFile; fileRef = 01A0A181194FE95600F1E721 /* UIKit.framework */; };
		01A0A1A7194FE95600F1E721 /* InfoPlist.strings in Resources */ = {isa = PBXBuildFile; fileRef = 01A0A1A5194FE95600F1E721 /* InfoPlist.strings */; };
		01A0A1A9194FE95600F1E721 /* AttributorTests.m in Sources */ = {isa = PBXBuildFile; fileRef = 01A0A1A8194FE95600F1E721 /* AttributorTests.m */; };
/* End PBXBuildFile section */

/* Begin PBXContainerItemProxy section */
		01A0A1A0194FE95600F1E721 /* PBXContainerItemProxy */ = {
			isa = PBXContainerItemProxy;
			containerPortal = 01A0A172194FE95500F1E721 /* Project object */;
			proxyType = 1;
			remoteGlobalIDString = 01A0A179194FE95500F1E721;
			remoteInfo = Attributor;
		};
/* End PBXContainerItemProxy section */

/* Begin PBXFileReference section */
		0141C8F71952840F002EAECD /* TextStatsViewController.h */ = {isa = PBXFileReference; fileEncoding = 4; lastKnownFileType = sourcecode.c.h; path = TextStatsViewController.h; sourceTree = "<group>"; };
		0141C8F81952840F002EAECD /* TextStatsViewController.m */ = {isa = PBXFileReference; fileEncoding = 4; lastKnownFileType = sourcecode.c.objc; path = TextStatsViewController.m; sourceTree = "<group>"; };
		01A0A17A194FE95600F1E721 /* Attributor.app */ = {isa = PBXFileReference; explicitFileType = wrapper.application; includeInIndex = 0; path = Attributor.app; sourceTree = BUILT_PRODUCTS_DIR; };
		01A0A17D194FE95600F1E721 /* Foundation.framework */ = {isa = PBXFileReference; lastKnownFileType = wrapper.framework; name = Foundation.framework; path = System/Library/Frameworks/Foundation.framework; sourceTree = SDKROOT; };
		01A0A17F194FE95600F1E721 /* CoreGraphics.framework */ = {isa = PBXFileReference; lastKnownFileType = wrapper.framework; name = CoreGraphics.framework; path = System/Library/Frameworks/CoreGraphics.framework; sourceTree = SDKROOT; };
		01A0A181194FE95600F1E721 /* UIKit.framework */ = {isa = PBXFileReference; lastKnownFileType = wrapper.framework; name = UIKit.framework; path = System/Library/Frameworks/UIKit.framework; sourceTree = SDKROOT; };
		01A0A185194FE95600F1E721 /* Attributor-Info.plist */ = {isa = PBXFileReference; lastKnownFileType = text.plist.xml; path = "Attributor-Info.plist"; sourceTree = "<group>"; };
		01A0A187194FE95600F1E721 /* en */ = {isa = PBXFileReference; lastKnownFileType = text.plist.strings; name = en; path = en.lproj/InfoPlist.strings; sourceTree = "<group>"; };
		01A0A189194FE95600F1E721 /* main.m */ = {isa = PBXFileReference; lastKnownFileType = sourcecode.c.objc; path = main.m; sourceTree = "<group>"; };
		01A0A18B194FE95600F1E721 /* Attributor-Prefix.pch */ = {isa = PBXFileReference; lastKnownFileType = sourcecode.c.h; path = "Attributor-Prefix.pch"; sourceTree = "<group>"; };
		01A0A18C194FE95600F1E721 /* AttributorAppDelegate.h */ = {isa = PBXFileReference; lastKnownFileType = sourcecode.c.h; path = AttributorAppDelegate.h; sourceTree = "<group>"; };
		01A0A18D194FE95600F1E721 /* AttributorAppDelegate.m */ = {isa = PBXFileReference; lastKnownFileType = sourcecode.c.objc; path = AttributorAppDelegate.m; sourceTree = "<group>"; };
		01A0A190194FE95600F1E721 /* Base */ = {isa = PBXFileReference; lastKnownFileType = file.storyboard; name = Base; path = Base.lproj/Main.storyboard; sourceTree = "<group>"; };
		01A0A192194FE95600F1E721 /* AttributorViewController.h */ = {isa = PBXFileReference; lastKnownFileType = sourcecode.c.h; path = AttributorViewController.h; sourceTree = "<group>"; };
		01A0A193194FE95600F1E721 /* AttributorViewController.m */ = {isa = PBXFileReference; lastKnownFileType = sourcecode.c.objc; path = AttributorViewController.m; sourceTree = "<group>"; };
		01A0A195194FE95600F1E721 /* Images.xcassets */ = {isa = PBXFileReference; lastKnownFileType = folder.assetcatalog; path = Images.xcassets; sourceTree = "<group>"; };
		01A0A19B194FE95600F1E721 /* AttributorTests.xctest */ = {isa = PBXFileReference; explicitFileType = wrapper.cfbundle; includeInIndex = 0; path = AttributorTests.xctest; sourceTree = BUILT_PRODUCTS_DIR; };
		01A0A19C194FE95600F1E721 /* XCTest.framework */ = {isa = PBXFileReference; lastKnownFileType = wrapper.framework; name = XCTest.framework; path = Library/Frameworks/XCTest.framework; sourceTree = DEVELOPER_DIR; };
		01A0A1A4194FE95600F1E721 /* AttributorTests-Info.plist */ = {isa = PBXFileReference; lastKnownFileType = text.plist.xml; path = "AttributorTests-Info.plist"; sourceTree = "<group>"; };
		01A0A1A6194FE95600F1E721 /* en */ = {isa = PBXFileReference; lastKnownFileType = text.plist.strings; name = en; path = en.lproj/InfoPlist.strings; sourceTree = "<group>"; };
		01A0A1A8194FE95600F1E721 /* AttributorTests.m */ = {isa = PBXFileReference; lastKnownFileType = sourcecode.c.objc; path = AttributorTests.m; sourceTree = "<group>"; };
/* End PBXFileReference section */

/* Begin PBXFrameworksBuildPhase section */
		01A0A177194FE95500F1E721 /* Frameworks */ = {
			isa = PBXFrameworksBuildPhase;
			buildActionMask = 2147483647;
			files = (
				01A0A180194FE95600F1E721 /* CoreGraphics.framework in Frameworks */,
				01A0A182194FE95600F1E721 /* UIKit.framework in Frameworks */,
				01A0A17E194FE95600F1E721 /* Foundation.framework in Frameworks */,
			);
			runOnlyForDeploymentPostprocessing = 0;
		};
		01A0A198194FE95600F1E721 /* Frameworks */ = {
			isa = PBXFrameworksBuildPhase;
			buildActionMask = 2147483647;
			files = (
				01A0A19D194FE95600F1E721 /* XCTest.framework in Frameworks */,
				01A0A19F194FE95600F1E721 /* UIKit.framework in Frameworks */,
				01A0A19E194FE95600F1E721 /* Foundation.framework in Frameworks */,
			);
			runOnlyForDeploymentPostprocessing = 0;
		};
/* End PBXFrameworksBuildPhase section */

/* Begin PBXGroup section */
		01A0A171194FE95500F1E721 = {
			isa = PBXGroup;
			children = (
				01A0A183194FE95600F1E721 /* Attributor */,
				01A0A1A2194FE95600F1E721 /* AttributorTests */,
				01A0A17C194FE95600F1E721 /* Frameworks */,
				01A0A17B194FE95600F1E721 /* Products */,
			);
			sourceTree = "<group>";
		};
		01A0A17B194FE95600F1E721 /* Products */ = {
			isa = PBXGroup;
			children = (
				01A0A17A194FE95600F1E721 /* Attributor.app */,
				01A0A19B194FE95600F1E721 /* AttributorTests.xctest */,
			);
			name = Products;
			sourceTree = "<group>";
		};
		01A0A17C194FE95600F1E721 /* Frameworks */ = {
			isa = PBXGroup;
			children = (
				01A0A17D194FE95600F1E721 /* Foundation.framework */,
				01A0A17F194FE95600F1E721 /* CoreGraphics.framework */,
				01A0A181194FE95600F1E721 /* UIKit.framework */,
				01A0A19C194FE95600F1E721 /* XCTest.framework */,
			);
			name = Frameworks;
			sourceTree = "<group>";
		};
		01A0A183194FE95600F1E721 /* Attributor */ = {
			isa = PBXGroup;
			children = (
				01A0A18C194FE95600F1E721 /* AttributorAppDelegate.h */,
				01A0A18D194FE95600F1E721 /* AttributorAppDelegate.m */,
				01A0A18F194FE95600F1E721 /* Main.storyboard */,
				0141C8F71952840F002EAECD /* TextStatsViewController.h */,
				0141C8F81952840F002EAECD /* TextStatsViewController.m */,
				01A0A192194FE95600F1E721 /* AttributorViewController.h */,
				01A0A193194FE95600F1E721 /* AttributorViewController.m */,
				01A0A195194FE95600F1E721 /* Images.xcassets */,
				01A0A184194FE95600F1E721 /* Supporting Files */,
			);
			path = Attributor;
			sourceTree = "<group>";
		};
		01A0A184194FE95600F1E721 /* Supporting Files */ = {
			isa = PBXGroup;
			children = (
				01A0A185194FE95600F1E721 /* Attributor-Info.plist */,
				01A0A186194FE95600F1E721 /* InfoPlist.strings */,
				01A0A189194FE95600F1E721 /* main.m */,
				01A0A18B194FE95600F1E721 /* Attributor-Prefix.pch */,
			);
			name = "Supporting Files";
			sourceTree = "<group>";
		};
		01A0A1A2194FE95600F1E721 /* AttributorTests */ = {
			isa = PBXGroup;
			children = (
				01A0A1A8194FE95600F1E721 /* AttributorTests.m */,
				01A0A1A3194FE95600F1E721 /* Supporting Files */,
			);
			path = AttributorTests;
			sourceTree = "<group>";
		};
		01A0A1A3194FE95600F1E721 /* Supporting Files */ = {
			isa = PBXGroup;
			children = (
				01A0A1A4194FE95600F1E721 /* AttributorTests-Info.plist */,
				01A0A1A5194FE95600F1E721 /* InfoPlist.strings */,
			);
			name = "Supporting Files";
			sourceTree = "<group>";
		};
/* End PBXGroup section */

/* Begin PBXNativeTarget section */
		01A0A179194FE95500F1E721 /* Attributor */ = {
			isa = PBXNativeTarget;
			buildConfigurationList = 01A0A1AC194FE95600F1E721 /* Build configuration list for PBXNativeTarget "Attributor" */;
			buildPhases = (
				01A0A176194FE95500F1E721 /* Sources */,
				01A0A177194FE95500F1E721 /* Frameworks */,
				01A0A178194FE95500F1E721 /* Resources */,
			);
			buildRules = (
			);
			dependencies = (
			);
			name = Attributor;
			productName = Attributor;
			productReference = 01A0A17A194FE95600F1E721 /* Attributor.app */;
			productType = "com.apple.product-type.application";
		};
		01A0A19A194FE95600F1E721 /* AttributorTests */ = {
			isa = PBXNativeTarget;
			buildConfigurationList = 01A0A1AF194FE95600F1E721 /* Build configuration list for PBXNativeTarget "AttributorTests" */;
			buildPhases = (
				01A0A197194FE95600F1E721 /* Sources */,
				01A0A198194FE95600F1E721 /* Frameworks */,
				01A0A199194FE95600F1E721 /* Resources */,
			);
			buildRules = (
			);
			dependencies = (
				01A0A1A1194FE95600F1E721 /* PBXTargetDependency */,
			);
			name = AttributorTests;
			productName = AttributorTests;
			productReference = 01A0A19B194FE95600F1E721 /* AttributorTests.xctest */;
			productType = "com.apple.product-type.bundle.unit-test";
		};
/* End PBXNativeTarget section */

/* Begin PBXProject section */
		01A0A172194FE95500F1E721 /* Project object */ = {
			isa = PBXProject;
			attributes = {
				CLASSPREFIX = Attributor;
				LastUpgradeCheck = 0510;
				ORGANIZATIONNAME = "___FULLUSERNAME___";
				TargetAttributes = {
					01A0A19A194FE95600F1E721 = {
						TestTargetID = 01A0A179194FE95500F1E721;
					};
				};
			};
			buildConfigurationList = 01A0A175194FE95500F1E721 /* Build configuration list for PBXProject "Attributor" */;
			compatibilityVersion = "Xcode 3.2";
			developmentRegion = English;
			hasScannedForEncodings = 0;
			knownRegions = (
				en,
				Base,
			);
			mainGroup = 01A0A171194FE95500F1E721;
			productRefGroup = 01A0A17B194FE95600F1E721 /* Products */;
			projectDirPath = "";
			projectRoot = "";
			targets = (
				01A0A179194FE95500F1E721 /* Attributor */,
				01A0A19A194FE95600F1E721 /* AttributorTests */,
			);
		};
/* End PBXProject section */

/* Begin PBXResourcesBuildPhase section */
		01A0A178194FE95500F1E721 /* Resources */ = {
			isa = PBXResourcesBuildPhase;
			buildActionMask = 2147483647;
			files = (
				01A0A196194FE95600F1E721 /* Images.xcassets in Resources */,
				01A0A188194FE95600F1E721 /* InfoPlist.strings in Resources */,
				01A0A191194FE95600F1E721 /* Main.storyboard in Resources */,
			);
			runOnlyForDeploymentPostprocessing = 0;
		};
		01A0A199194FE95600F1E721 /* Resources */ = {
			isa = PBXResourcesBuildPhase;
			buildActionMask = 2147483647;
			files = (
				01A0A1A7194FE95600F1E721 /* InfoPlist.strings in Resources */,
			);
			runOnlyForDeploymentPostprocessing = 0;
		};
/* End PBXResourcesBuildPhase section */

/* Begin PBXSourcesBuildPhase section */
		01A0A176194FE95500F1E721 /* Sources */ = {
			isa = PBXSourcesBuildPhase;
			buildActionMask = 2147483647;
			files = (
				01A0A18E194FE95600F1E721 /* AttributorAppDelegate.m in Sources */,
				01A0A194194FE95600F1E721 /* AttributorViewController.m in Sources */,
				01A0A18A194FE95600F1E721 /* main.m in Sources */,
				0141C8F91952840F002EAECD /* TextStatsViewController.m in Sources */,
			);
			runOnlyForDeploymentPostprocessing = 0;
		};
		01A0A197194FE95600F1E721 /* Sources */ = {
			isa = PBXSourcesBuildPhase;
			buildActionMask = 2147483647;
			files = (
				01A0A1A9194FE95600F1E721 /* AttributorTests.m in Sources */,
			);
			runOnlyForDeploymentPostprocessing = 0;
		};
/* End PBXSourcesBuildPhase section */

/* Begin PBXTargetDependency section */
		01A0A1A1194FE95600F1E721 /* PBXTargetDependency */ = {
			isa = PBXTargetDependency;
			target = 01A0A179194FE95500F1E721 /* Attributor */;
			targetProxy = 01A0A1A0194FE95600F1E721 /* PBXContainerItemProxy */;
		};
/* End PBXTargetDependency section */

/* Begin PBXVariantGroup section */
		01A0A186194FE95600F1E721 /* InfoPlist.strings */ = {
			isa = PBXVariantGroup;
			children = (
				01A0A187194FE95600F1E721 /* en */,
			);
			name = InfoPlist.strings;
			sourceTree = "<group>";
		};
		01A0A18F194FE95600F1E721 /* Main.storyboard */ = {
			isa = PBXVariantGroup;
			children = (
				01A0A190194FE95600F1E721 /* Base */,
			);
			name = Main.storyboard;
			sourceTree = "<group>";
		};
		01A0A1A5194FE95600F1E721 /* InfoPlist.strings */ = {
			isa = PBXVariantGroup;
			children = (
				01A0A1A6194FE95600F1E721 /* en */,
			);
			name = InfoPlist.strings;
			sourceTree = "<group>";
		};
/* End PBXVariantGroup section */

/* Begin XCBuildConfiguration section */
		01A0A1AA194FE95600F1E721 /* Debug */ = {
			isa = XCBuildConfiguration;
			buildSettings = {
				ALWAYS_SEARCH_USER_PATHS = NO;
				CLANG_CXX_LANGUAGE_STANDARD = "gnu++0x";
				CLANG_CXX_LIBRARY = "libc++";
				CLANG_ENABLE_MODULES = YES;
				CLANG_ENABLE_OBJC_ARC = YES;
				CLANG_WARN_BOOL_CONVERSION = YES;
				CLANG_WARN_CONSTANT_CONVERSION = YES;
				CLANG_WARN_DIRECT_OBJC_ISA_USAGE = YES_ERROR;
				CLANG_WARN_EMPTY_BODY = YES;
				CLANG_WARN_ENUM_CONVERSION = YES;
				CLANG_WARN_INT_CONVERSION = YES;
				CLANG_WARN_OBJC_ROOT_CLASS = YES_ERROR;
				CLANG_WARN__DUPLICATE_METHOD_MATCH = YES;
				"CODE_SIGN_IDENTITY[sdk=iphoneos*]" = "iPhone Developer";
				COPY_PHASE_STRIP = NO;
				GCC_C_LANGUAGE_STANDARD = gnu99;
				GCC_DYNAMIC_NO_PIC = NO;
				GCC_OPTIMIZATION_LEVEL = 0;
				GCC_PREPROCESSOR_DEFINITIONS = (
					"DEBUG=1",
					"$(inherited)",
				);
				GCC_SYMBOLS_PRIVATE_EXTERN = NO;
				GCC_WARN_64_TO_32_BIT_CONVERSION = YES;
				GCC_WARN_ABOUT_RETURN_TYPE = YES_ERROR;
				GCC_WARN_UNDECLARED_SELECTOR = YES;
				GCC_WARN_UNINITIALIZED_AUTOS = YES_AGGRESSIVE;
				GCC_WARN_UNUSED_FUNCTION = YES;
				GCC_WARN_UNUSED_VARIABLE = YES;
				IPHONEOS_DEPLOYMENT_TARGET = 7.1;
				ONLY_ACTIVE_ARCH = YES;
				SDKROOT = iphoneos;
			};
			name = Debug;
		};
		01A0A1AB194FE95600F1E721 /* Release */ = {
			isa = XCBuildConfiguration;
			buildSettings = {
				ALWAYS_SEARCH_USER_PATHS = NO;
				CLANG_CXX_LANGUAGE_STANDARD = "gnu++0x";
				CLANG_CXX_LIBRARY = "libc++";
				CLANG_ENABLE_MODULES = YES;
				CLANG_ENABLE_OBJC_ARC = YES;
				CLANG_WARN_BOOL_CONVERSION = YES;
				CLANG_WARN_CONSTANT_CONVERSION = YES;
				CLANG_WARN_DIRECT_OBJC_ISA_USAGE = YES_ERROR;
				CLANG_WARN_EMPTY_BODY = YES;
				CLANG_WARN_ENUM_CONVERSION = YES;
				CLANG_WARN_INT_CONVERSION = YES;
				CLANG_WARN_OBJC_ROOT_CLASS = YES_ERROR;
				CLANG_WARN__DUPLICATE_METHOD_MATCH = YES;
				"CODE_SIGN_IDENTITY[sdk=iphoneos*]" = "iPhone Developer";
				COPY_PHASE_STRIP = YES;
				ENABLE_NS_ASSERTIONS = NO;
				GCC_C_LANGUAGE_STANDARD = gnu99;
				GCC_WARN_64_TO_32_BIT_CONVERSION = YES;
				GCC_WARN_ABOUT_RETURN_TYPE = YES_ERROR;
				GCC_WARN_UNDECLARED_SELECTOR = YES;
				GCC_WARN_UNINITIALIZED_AUTOS = YES_AGGRESSIVE;
				GCC_WARN_UNUSED_FUNCTION = YES;
				GCC_WARN_UNUSED_VARIABLE = YES;
				IPHONEOS_DEPLOYMENT_TARGET = 7.1;
				SDKROOT = iphoneos;
				VALIDATE_PRODUCT = YES;
			};
			name = Release;
		};
		01A0A1AD194FE95600F1E721 /* Debug */ = {
			isa = XCBuildConfiguration;
			buildSettings = {
				ASSETCATALOG_COMPILER_APPICON_NAME = AppIcon;
				ASSETCATALOG_COMPILER_LAUNCHIMAGE_NAME = LaunchImage;
				GCC_PRECOMPILE_PREFIX_HEADER = YES;
				GCC_PREFIX_HEADER = "Attributor/Attributor-Prefix.pch";
				INFOPLIST_FILE = "Attributor/Attributor-Info.plist";
				PRODUCT_NAME = "$(TARGET_NAME)";
				WRAPPER_EXTENSION = app;
			};
			name = Debug;
		};
		01A0A1AE194FE95600F1E721 /* Release */ = {
			isa = XCBuildConfiguration;
			buildSettings = {
				ASSETCATALOG_COMPILER_APPICON_NAME = AppIcon;
				ASSETCATALOG_COMPILER_LAUNCHIMAGE_NAME = LaunchImage;
				GCC_PRECOMPILE_PREFIX_HEADER = YES;
				GCC_PREFIX_HEADER = "Attributor/Attributor-Prefix.pch";
				INFOPLIST_FILE = "Attributor/Attributor-Info.plist";
				PRODUCT_NAME = "$(TARGET_NAME)";
				WRAPPER_EXTENSION = app;
			};
			name = Release;
		};
		01A0A1B0194FE95600F1E721 /* Debug */ = {
			isa = XCBuildConfiguration;
			buildSettings = {
				BUNDLE_LOADER = "$(BUILT_PRODUCTS_DIR)/Attributor.app/Attributor";
				FRAMEWORK_SEARCH_PATHS = (
					"$(SDKROOT)/Developer/Library/Frameworks",
					"$(inherited)",
					"$(DEVELOPER_FRAMEWORKS_DIR)",
				);
				GCC_PRECOMPILE_PREFIX_HEADER = YES;
				GCC_PREFIX_HEADER = "Attributor/Attributor-Prefix.pch";
				GCC_PREPROCESSOR_DEFINITIONS = (
					"DEBUG=1",
					"$(inherited)",
				);
				INFOPLIST_FILE = "AttributorTests/AttributorTests-Info.plist";
				PRODUCT_NAME = "$(TARGET_NAME)";
				TEST_HOST = "$(BUNDLE_LOADER)";
				WRAPPER_EXTENSION = xctest;
			};
			name = Debug;
		};
		01A0A1B1194FE95600F1E721 /* Release */ = {
			isa = XCBuildConfiguration;
			buildSettings = {
				BUNDLE_LOADER = "$(BUILT_PRODUCTS_DIR)/Attributor.app/Attributor";
				FRAMEWORK_SEARCH_PATHS = (
					"$(SDKROOT)/Developer/Library/Frameworks",
					"$(inherited)",
					"$(DEVELOPER_FRAMEWORKS_DIR)",
				);
				GCC_PRECOMPILE_PREFIX_HEADER = YES;
				GCC_PREFIX_HEADER = "Attributor/Attributor-Prefix.pch";
				INFOPLIST_FILE = "AttributorTests/AttributorTests-Info.plist";
				PRODUCT_NAME = "$(TARGET_NAME)";
				TEST_HOST = "$(BUNDLE_LOADER)";
				WRAPPER_EXTENSION = xctest;
			};
			name = Release;
		};
/* End XCBuildConfiguration section */

/* Begin XCConfigurationList section */
		01A0A175194FE95500F1E721 /* Build configuration list for PBXProject "Attributor" */ = {
			isa = XCConfigurationList;
			buildConfigurations = (
				01A0A1AA194FE95600F1E721 /* Debug */,
				01A0A1AB194FE95600F1E721 /* Release */,
			);
			defaultConfigurationIsVisible = 0;
			defaultConfigurationName = Release;
		};
		01A0A1AC194FE95600F1E721 /* Build configuration list for PBXNativeTarget "Attributor" */ = {
			isa = XCConfigurationList;
			buildConfigurations = (
				01A0A1AD194FE95600F1E721 /* Debug */,
				01A0A1AE194FE95600F1E721 /* Release */,
			);
			defaultConfigurationIsVisible = 0;
			defaultConfigurationName = Release;
		};
		01A0A1AF194FE95600F1E721 /* Build configuration list for PBXNativeTarget "AttributorTests" */ = {
			isa = XCConfigurationList;
			buildConfigurations = (
				01A0A1B0194FE95600F1E721 /* Debug */,
				01A0A1B1194FE95600F1E721 /* Release */,
			);
			defaultConfigurationIsVisible = 0;
			defaultConfigurationName = Release;
		};
/* End XCConfigurationList section */
	};
	rootObject = 01A0A172194FE95500F1E721 /* Project object */;
}
